
Microsoft Visual Studio Solution File, Format Version 12.00
# Visual Studio Version 16
VisualStudioVersion = 16.0.30413.136
MinimumVisualStudioVersion = 10.0.40219.1
Project("{9A19103F-16F7-4668-BE54-9A1E7A4F7556}") = "Servicios.api.Libreria", "Servicios.api.Libreria\Servicios.api.Libreria.csproj", "{FF4FC2C6-5F3C-4365-84AC-DF3D9DAA4765}"
EndProject
Project("{9A19103F-16F7-4668-BE54-9A1E7A4F7556}") = "Servicios.api.Seguridad", "Servicios.api.Seguridad\Servicios.api.Seguridad.csproj", "{E3BFAEFC-D3C4-4926-8A3D-9BC85BD14EF4}"
EndProject
Project("{9A19103F-16F7-4668-BE54-9A1E7A4F7556}") = "Servicios.api.Gateway", "Servicios.api.Gateway\Servicios.api.Gateway.csproj", "{0414778E-A839-49A4-A79C-E31E23575019}"
EndProject
Global
	GlobalSection(SolutionConfigurationPlatforms) = preSolution
		Debug|Any CPU = Debug|Any CPU
		Release|Any CPU = Release|Any CPU
	EndGlobalSection
	GlobalSection(ProjectConfigurationPlatforms) = postSolution
		{FF4FC2C6-5F3C-4365-84AC-DF3D9DAA4765}.Debug|Any CPU.ActiveCfg = Debug|Any CPU
		{FF4FC2C6-5F3C-4365-84AC-DF3D9DAA4765}.Debug|Any CPU.Build.0 = Debug|Any CPU
		{FF4FC2C6-5F3C-4365-84AC-DF3D9DAA4765}.Release|Any CPU.ActiveCfg = Release|Any CPU
		{FF4FC2C6-5F3C-4365-84AC-DF3D9DAA4765}.Release|Any CPU.Build.0 = Release|Any CPU
		{E3BFAEFC-D3C4-4926-8A3D-9BC85BD14EF4}.Debug|Any CPU.ActiveCfg = Debug|Any CPU
		{E3BFAEFC-D3C4-4926-8A3D-9BC85BD14EF4}.Debug|Any CPU.Build.0 = Debug|Any CPU
		{E3BFAEFC-D3C4-4926-8A3D-9BC85BD14EF4}.Release|Any CPU.ActiveCfg = Release|Any CPU
		{E3BFAEFC-D3C4-4926-8A3D-9BC85BD14EF4}.Release|Any CPU.Build.0 = Release|Any CPU
		{0414778E-A839-49A4-A79C-E31E23575019}.Debug|Any CPU.ActiveCfg = Debug|Any CPU
		{0414778E-A839-49A4-A79C-E31E23575019}.Debug|Any CPU.Build.0 = Debug|Any CPU
		{0414778E-A839-49A4-A79C-E31E23575019}.Release|Any CPU.ActiveCfg = Release|Any CPU
		{0414778E-A839-49A4-A79C-E31E23575019}.Release|Any CPU.Build.0 = Release|Any CPU
	EndGlobalSection
	GlobalSection(SolutionProperties) = preSolution
		HideSolutionNode = FALSE
	EndGlobalSection
	GlobalSection(ExtensibilityGlobals) = postSolution
		SolutionGuid = {158598AF-4662-48F3-930F-B58E32D059A3}
	EndGlobalSection
EndGlobal
